// !$*UTF8*$!
{
	archiveVersion = 1;
	classes = {
	};
	objectVersion = 46;
	objects = {

/* Begin PBXBuildFile section */
		7B874B291A4460260034FB9A /* main.m in Sources */ = {isa = PBXBuildFile; fileRef = 7B874B281A4460260034FB9A /* main.m */; };
		7B874B2C1A4460260034FB9A /* AppDelegate.m in Sources */ = {isa = PBXBuildFile; fileRef = 7B874B2B1A4460260034FB9A /* AppDelegate.m */; };
		7B874B2F1A4460260034FB9A /* ViewController.m in Sources */ = {isa = PBXBuildFile; fileRef = 7B874B2E1A4460260034FB9A /* ViewController.m */; };
		7B874B321A4460260034FB9A /* Main.storyboard in Resources */ = {isa = PBXBuildFile; fileRef = 7B874B301A4460260034FB9A /* Main.storyboard */; };
		7B874B341A4460260034FB9A /* Images.xcassets in Resources */ = {isa = PBXBuildFile; fileRef = 7B874B331A4460260034FB9A /* Images.xcassets */; };
		7B874B371A4460260034FB9A /* LaunchScreen.xib in Resources */ = {isa = PBXBuildFile; fileRef = 7B874B351A4460260034FB9A /* LaunchScreen.xib */; };
		7B874B431A4460260034FB9A /* CircleMaskDemoTests.m in Sources */ = {isa = PBXBuildFile; fileRef = 7B874B421A4460260034FB9A /* CircleMaskDemoTests.m */; };
/* End PBXBuildFile section */

/* Begin PBXContainerItemProxy section */
		7B874B3D1A4460260034FB9A /* PBXContainerItemProxy */ = {
			isa = PBXContainerItemProxy;
			containerPortal = 7B874B1B1A4460260034FB9A /* Project object */;
			proxyType = 1;
			remoteGlobalIDString = 7B874B221A4460260034FB9A;
			remoteInfo = CircleMaskDemo;
		};
/* End PBXContainerItemProxy section */

/* Begin PBXFileReference section */
		7B874B231A4460260034FB9A /* CircleMaskDemo.app */ = {isa = PBXFileReference; explicitFileType = wrapper.application; includeInIndex = 0; path = CircleMaskDemo.app; sourceTree = BUILT_PRODUCTS_DIR; };
		7B874B271A4460260034FB9A /* Info.plist */ = {isa = PBXFileReference; lastKnownFileType = text.plist.xml; path = Info.plist; sourceTree = "<group>"; };
		7B874B281A4460260034FB9A /* main.m */ = {isa = PBXFileReference; lastKnownFileType = sourcecode.c.objc; path = main.m; sourceTree = "<group>"; };
		7B874B2A1A4460260034FB9A /* AppDelegate.h */ = {isa = PBXFileReference; lastKnownFileType = sourcecode.c.h; path = AppDelegate.h; sourceTree = "<group>"; };
		7B874B2B1A4460260034FB9A /* AppDelegate.m */ = {isa = PBXFileReference; lastKnownFileType = sourcecode.c.objc; path = AppDelegate.m; sourceTree = "<group>"; };
		7B874B2D1A4460260034FB9A /* ViewController.h */ = {isa = PBXFileReference; lastKnownFileType = sourcecode.c.h; path = ViewController.h; sourceTree = "<group>"; };
		7B874B2E1A4460260034FB9A /* ViewController.m */ = {isa = PBXFileReference; lastKnownFileType = sourcecode.c.objc; path = ViewController.m; sourceTree = "<group>"; };
		7B874B311A4460260034FB9A /* Base */ = {isa = PBXFileReference; lastKnownFileType = file.storyboard; name = Base; path = Base.lproj/Main.storyboard; sourceTree = "<group>"; };
		7B874B331A4460260034FB9A /* Images.xcassets */ = {isa = PBXFileReference; lastKnownFileType = folder.assetcatalog; path = Images.xcassets; sourceTree = "<group>"; };
		7B874B361A4460260034FB9A /* Base */ = {isa = PBXFileReference; lastKnownFileType = file.xib; name = Base; path = Base.lproj/LaunchScreen.xib; sourceTree = "<group>"; };
		7B874B3C1A4460260034FB9A /* CircleMaskDemoTests.xctest */ = {isa = PBXFileReference; explicitFileType = wrapper.cfbundle; includeInIndex = 0; path = CircleMaskDemoTests.xctest; sourceTree = BUILT_PRODUCTS_DIR; };
		7B874B411A4460260034FB9A /* Info.plist */ = {isa = PBXFileReference; lastKnownFileType = text.plist.xml; path = Info.plist; sourceTree = "<group>"; };
		7B874B421A4460260034FB9A /* CircleMaskDemoTests.m */ = {isa = PBXFileReference; lastKnownFileType = sourcecode.c.objc; path = CircleMaskDemoTests.m; sourceTree = "<group>"; };
/* End PBXFileReference section */

/* Begin PBXFrameworksBuildPhase section */
		7B874B201A4460260034FB9A /* Frameworks */ = {
			isa = PBXFrameworksBuildPhase;
			buildActionMask = 2147483647;
			files = (
			);
			runOnlyForDeploymentPostprocessing = 0;
		};
		7B874B391A4460260034FB9A /* Frameworks */ = {
			isa = PBXFrameworksBuildPhase;
			buildActionMask = 2147483647;
			files = (
			);
			runOnlyForDeploymentPostprocessing = 0;
		};
/* End PBXFrameworksBuildPhase section */

/* Begin PBXGroup section */
		7B874B1A1A4460260034FB9A = {
			isa = PBXGroup;
			children = (
				7B874B251A4460260034FB9A /* CircleMaskDemo */,
				7B874B3F1A4460260034FB9A /* CircleMaskDemoTests */,
				7B874B241A4460260034FB9A /* Products */,
			);
			sourceTree = "<group>";
		};
		7B874B241A4460260034FB9A /* Products */ = {
			isa = PBXGroup;
			children = (
				7B874B231A4460260034FB9A /* CircleMaskDemo.app */,
				7B874B3C1A4460260034FB9A /* CircleMaskDemoTests.xctest */,
			);
			name = Products;
			sourceTree = "<group>";
		};
		7B874B251A4460260034FB9A /* CircleMaskDemo */ = {
			isa = PBXGroup;
			children = (
				7B874B2A1A4460260034FB9A /* AppDelegate.h */,
				7B874B2B1A4460260034FB9A /* AppDelegate.m */,
				7B874B2D1A4460260034FB9A /* ViewController.h */,
				7B874B2E1A4460260034FB9A /* ViewController.m */,
				7B874B301A4460260034FB9A /* Main.storyboard */,
				7B874B331A4460260034FB9A /* Images.xcassets */,
				7B874B351A4460260034FB9A /* LaunchScreen.xib */,
				7B874B261A4460260034FB9A /* Supporting Files */,
			);
			path = CircleMaskDemo;
			sourceTree = "<group>";
		};
		7B874B261A4460260034FB9A /* Supporting Files */ = {
			isa = PBXGroup;
			children = (
				7B874B271A4460260034FB9A /* Info.plist */,
				7B874B281A4460260034FB9A /* main.m */,
			);
			name = "Supporting Files";
			sourceTree = "<group>";
		};
		7B874B3F1A4460260034FB9A /* CircleMaskDemoTests */ = {
			isa = PBXGroup;
			children = (
				7B874B421A4460260034FB9A /* CircleMaskDemoTests.m */,
				7B874B401A4460260034FB9A /* Supporting Files */,
			);
			path = CircleMaskDemoTests;
			sourceTree = "<group>";
		};
		7B874B401A4460260034FB9A /* Supporting Files */ = {
			isa = PBXGroup;
			children = (
				7B874B411A4460260034FB9A /* Info.plist */,
			);
			name = "Supporting Files";
			sourceTree = "<group>";
		};
/* End PBXGroup section */

/* Begin PBXNativeTarget section */
		7B874B221A4460260034FB9A /* CircleMaskDemo */ = {
			isa = PBXNativeTarget;
			buildConfigurationList = 7B874B461A4460260034FB9A /* Build configuration list for PBXNativeTarget "CircleMaskDemo" */;
			buildPhases = (
				7B874B1F1A4460260034FB9A /* Sources */,
				7B874B201A4460260034FB9A /* Frameworks */,
				7B874B211A4460260034FB9A /* Resources */,
			);
			buildRules = (
			);
			dependencies = (
			);
			name = CircleMaskDemo;
			productName = CircleMaskDemo;
			productReference = 7B874B231A4460260034FB9A /* CircleMaskDemo.app */;
			productType = "com.apple.product-type.application";
		};
		7B874B3B1A4460260034FB9A /* CircleMaskDemoTests */ = {
			isa = PBXNativeTarget;
			buildConfigurationList = 7B874B491A4460260034FB9A /* Build configuration list for PBXNativeTarget "CircleMaskDemoTests" */;
			buildPhases = (
				7B874B381A4460260034FB9A /* Sources */,
				7B874B391A4460260034FB9A /* Frameworks */,
				7B874B3A1A4460260034FB9A /* Resources */,
			);
			buildRules = (
			);
			dependencies = (
				7B874B3E1A4460260034FB9A /* PBXTargetDependency */,
			);
			name = CircleMaskDemoTests;
			productName = CircleMaskDemoTests;
			productReference = 7B874B3C1A4460260034FB9A /* CircleMaskDemoTests.xctest */;
			productType = "com.apple.product-type.bundle.unit-test";
		};
/* End PBXNativeTarget section */

/* Begin PBXProject section */
		7B874B1B1A4460260034FB9A /* Project object */ = {
			isa = PBXProject;
			attributes = {
				LastUpgradeCheck = 0610;
				ORGANIZATIONNAME = "Ali Karagoz";
				TargetAttributes = {
					7B874B221A4460260034FB9A = {
						CreatedOnToolsVersion = 6.1.1;
					};
					7B874B3B1A4460260034FB9A = {
						CreatedOnToolsVersion = 6.1.1;
						TestTargetID = 7B874B221A4460260034FB9A;
					};
				};
			};
			buildConfigurationList = 7B874B1E1A4460260034FB9A /* Build configuration list for PBXProject "CircleMaskDemo" */;
			compatibilityVersion = "Xcode 3.2";
			developmentRegion = English;
			hasScannedForEncodings = 0;
			knownRegions = (
				en,
				Base,
			);
			mainGroup = 7B874B1A1A4460260034FB9A;
			productRefGroup = 7B874B241A4460260034FB9A /* Products */;
			projectDirPath = "";
			projectRoot = "";
			targets = (
				7B874B221A4460260034FB9A /* CircleMaskDemo */,
				7B874B3B1A4460260034FB9A /* CircleMaskDemoTests */,
			);
		};
/* End PBXProject section */

/* Begin PBXResourcesBuildPhase section */
		7B874B211A4460260034FB9A /* Resources */ = {
			isa = PBXResourcesBuildPhase;
			buildActionMask = 2147483647;
			files = (
				7B874B321A4460260034FB9A /* Main.storyboard in Resources */,
				7B874B371A4460260034FB9A /* LaunchScreen.xib in Resources */,
				7B874B341A4460260034FB9A /* Images.xcassets in Resources */,
			);
			runOnlyForDeploymentPostprocessing = 0;
		};
		7B874B3A1A4460260034FB9A /* Resources */ = {
			isa = PBXResourcesBuildPhase;
			buildActionMask = 2147483647;
			files = (
			);
			runOnlyForDeploymentPostprocessing = 0;
		};
/* End PBXResourcesBuildPhase section */

/* Begin PBXSourcesBuildPhase section */
		7B874B1F1A4460260034FB9A /* Sources */ = {
			isa = PBXSourcesBuildPhase;
			buildActionMask = 2147483647;
			files = (
				7B874B2F1A4460260034FB9A /* ViewController.m in Sources */,
				7B874B2C1A4460260034FB9A /* AppDelegate.m in Sources */,
				7B874B291A4460260034FB9A /* main.m in Sources */,
			);
			runOnlyForDeploymentPostprocessing = 0;
		};
		7B874B381A4460260034FB9A /* Sources */ = {
			isa = PBXSourcesBuildPhase;
			buildActionMask = 2147483647;
			files = (
				7B874B431A4460260034FB9A /* CircleMaskDemoTests.m in Sources */,
			);
			runOnlyForDeploymentPostprocessing = 0;
		};
/* End PBXSourcesBuildPhase section */

/* Begin PBXTargetDependency section */
		7B874B3E1A4460260034FB9A /* PBXTargetDependency */ = {
			isa = PBXTargetDependency;
			target = 7B874B221A4460260034FB9A /* CircleMaskDemo */;
			targetProxy = 7B874B3D1A4460260034FB9A /* PBXContainerItemProxy */;
		};
/* End PBXTargetDependency section */

/* Begin PBXVariantGroup section */
		7B874B301A4460260034FB9A /* Main.storyboard */ = {
			isa = PBXVariantGroup;
			children = (
				7B874B311A4460260034FB9A /* Base */,
			);
			name = Main.storyboard;
			sourceTree = "<group>";
		};
		7B874B351A4460260034FB9A /* LaunchScreen.xib */ = {
			isa = PBXVariantGroup;
			children = (
				7B874B361A4460260034FB9A /* Base */,
			);
			name = LaunchScreen.xib;
			sourceTree = "<group>";
		};
/* End PBXVariantGroup section */

/* Begin XCBuildConfiguration section */
		7B874B441A4460260034FB9A /* Debug */ = {
			isa = XCBuildConfiguration;
			buildSettings = {
				ALWAYS_SEARCH_USER_PATHS = NO;
				CLANG_CXX_LANGUAGE_STANDARD = "gnu++0x";
				CLANG_CXX_LIBRARY = "libc++";
				CLANG_ENABLE_MODULES = YES;
				CLANG_ENABLE_OBJC_ARC = YES;
				CLANG_WARN_BOOL_CONVERSION = YES;
				CLANG_WARN_CONSTANT_CONVERSION = YES;
				CLANG_WARN_DIRECT_OBJC_ISA_USAGE = YES_ERROR;
				CLANG_WARN_EMPTY_BODY = YES;
				CLANG_WARN_ENUM_CONVERSION = YES;
				CLANG_WARN_INT_CONVERSION = YES;
				CLANG_WARN_OBJC_ROOT_CLASS = YES_ERROR;
				CLANG_WARN_UNREACHABLE_CODE = YES;
				CLANG_WARN__DUPLICATE_METHOD_MATCH = YES;
				"CODE_SIGN_IDENTITY[sdk=iphoneos*]" = "iPhone Developer";
				COPY_PHASE_STRIP = NO;
				ENABLE_STRICT_OBJC_MSGSEND = YES;
				GCC_C_LANGUAGE_STANDARD = gnu99;
				GCC_DYNAMIC_NO_PIC = NO;
				GCC_OPTIMIZATION_LEVEL = 0;
				GCC_PREPROCESSOR_DEFINITIONS = (
					"DEBUG=1",
					"$(inherited)",
				);
				GCC_SYMBOLS_PRIVATE_EXTERN = NO;
				GCC_WARN_64_TO_32_BIT_CONVERSION = YES;
				GCC_WARN_ABOUT_RETURN_TYPE = YES_ERROR;
				GCC_WARN_UNDECLARED_SELECTOR = YES;
				GCC_WARN_UNINITIALIZED_AUTOS = YES_AGGRESSIVE;
				GCC_WARN_UNUSED_FUNCTION = YES;
				GCC_WARN_UNUSED_VARIABLE = YES;
				IPHONEOS_DEPLOYMENT_TARGET = 8.1;
				MTL_ENABLE_DEBUG_INFO = YES;
				ONLY_ACTIVE_ARCH = YES;
				SDKROOT = iphoneos;
				TARGETED_DEVICE_FAMILY = "1,2";
			};
			name = Debug;
		};
		7B874B451A4460260034FB9A /* Release */ = {
			isa = XCBuildConfiguration;
			buildSettings = {
				ALWAYS_SEARCH_USER_PATHS = NO;
				CLANG_CXX_LANGUAGE_STANDARD = "gnu++0x";
				CLANG_CXX_LIBRARY = "libc++";
				CLANG_ENABLE_MODULES = YES;
				CLANG_ENABLE_OBJC_ARC = YES;
				CLANG_WARN_BOOL_CONVERSION = YES;
				CLANG_WARN_CONSTANT_CONVERSION = YES;
				CLANG_WARN_DIRECT_OBJC_ISA_USAGE = YES_ERROR;
				CLANG_WARN_EMPTY_BODY = YES;
				CLANG_WARN_ENUM_CONVERSION = YES;
				CLANG_WARN_INT_CONVERSION = YES;
				CLANG_WARN_OBJC_ROOT_CLASS = YES_ERROR;
				CLANG_WARN_UNREACHABLE_CODE = YES;
				CLANG_WARN__DUPLICATE_METHOD_MATCH = YES;
				"CODE_SIGN_IDENTITY[sdk=iphoneos*]" = "iPhone Developer";
				COPY_PHASE_STRIP = YES;
				ENABLE_NS_ASSERTIONS = NO;
				ENABLE_STRICT_OBJC_MSGSEND = YES;
				GCC_C_LANGUAGE_STANDARD = gnu99;
				GCC_WARN_64_TO_32_BIT_CONVERSION = YES;
				GCC_WARN_ABOUT_RETURN_TYPE = YES_ERROR;
				GCC_WARN_UNDECLARED_SELECTOR = YES;
				GCC_WARN_UNINITIALIZED_AUTOS = YES_AGGRESSIVE;
				GCC_WARN_UNUSED_FUNCTION = YES;
				GCC_WARN_UNUSED_VARIABLE = YES;
				IPHONEOS_DEPLOYMENT_TARGET = 8.1;
				MTL_ENABLE_DEBUG_INFO = NO;
				SDKROOT = iphoneos;
				TARGETED_DEVICE_FAMILY = "1,2";
				VALIDATE_PRODUCT = YES;
			};
			name = Release;
		};
		7B874B471A4460260034FB9A /* Debug */ = {
			isa = XCBuildConfiguration;
			buildSettings = {
				ASSETCATALOG_COMPILER_APPICON_NAME = AppIcon;
				INFOPLIST_FILE = CircleMaskDemo/Info.plist;
				LD_RUNPATH_SEARCH_PATHS = "$(inherited) @executable_path/Frameworks";
				PRODUCT_NAME = "$(TARGET_NAME)";
			};
			name = Debug;
		};
		7B874B481A4460260034FB9A /* Release */ = {
			isa = XCBuildConfiguration;
			buildSettings = {
				ASSETCATALOG_COMPILER_APPICON_NAME = AppIcon;
				INFOPLIST_FILE = CircleMaskDemo/Info.plist;
				LD_RUNPATH_SEARCH_PATHS = "$(inherited) @executable_path/Frameworks";
				PRODUCT_NAME = "$(TARGET_NAME)";
			};
			name = Release;
		};
		7B874B4A1A4460260034FB9A /* Debug */ = {
			isa = XCBuildConfiguration;
			buildSettings = {
				BUNDLE_LOADER = "$(TEST_HOST)";
				FRAMEWORK_SEARCH_PATHS = (
					"$(SDKROOT)/Developer/Library/Frameworks",
					"$(inherited)",
				);
				GCC_PREPROCESSOR_DEFINITIONS = (
					"DEBUG=1",
					"$(inherited)",
				);
				INFOPLIST_FILE = CircleMaskDemoTests/Info.plist;
				LD_RUNPATH_SEARCH_PATHS = "$(inherited) @executable_path/Frameworks @loader_path/Frameworks";
				PRODUCT_NAME = "$(TARGET_NAME)";
				TEST_HOST = "$(BUILT_PRODUCTS_DIR)/CircleMaskDemo.app/CircleMaskDemo";
			};
			name = Debug;
		};
		7B874B4B1A4460260034FB9A /* Release */ = {
			isa = XCBuildConfiguration;
			buildSettings = {
				BUNDLE_LOADER = "$(TEST_HOST)";
				FRAMEWORK_SEARCH_PATHS = (
					"$(SDKROOT)/Developer/Library/Frameworks",
					"$(inherited)",
				);
				INFOPLIST_FILE = CircleMaskDemoTests/Info.plist;
				LD_RUNPATH_SEARCH_PATHS = "$(inherited) @executable_path/Frameworks @loader_path/Frameworks";
				PRODUCT_NAME = "$(TARGET_NAME)";
				TEST_HOST = "$(BUILT_PRODUCTS_DIR)/CircleMaskDemo.app/CircleMaskDemo";
			};
			name = Release;
		};
/* End XCBuildConfiguration section */

/* Begin XCConfigurationList section */
		7B874B1E1A4460260034FB9A /* Build configuration list for PBXProject "CircleMaskDemo" */ = {
			isa = XCConfigurationList;
			buildConfigurations = (
				7B874B441A4460260034FB9A /* Debug */,
				7B874B451A4460260034FB9A /* Release */,
			);
			defaultConfigurationIsVisible = 0;
			defaultConfigurationName = Release;
		};
		7B874B461A4460260034FB9A /* Build configuration list for PBXNativeTarget "CircleMaskDemo" */ = {
			isa = XCConfigurationList;
			buildConfigurations = (
				7B874B471A4460260034FB9A /* Debug */,
				7B874B481A4460260034FB9A /* Release */,
			);
			defaultConfigurationIsVisible = 0;
		};
		7B874B491A4460260034FB9A /* Build configuration list for PBXNativeTarget "CircleMaskDemoTests" */ = {
			isa = XCConfigurationList;
			buildConfigurations = (
				7B874B4A1A4460260034FB9A /* Debug */,
				7B874B4B1A4460260034FB9A /* Release */,
			);
			defaultConfigurationIsVisible = 0;
		};
/* End XCConfigurationList section */
	};
	rootObject = 7B874B1B1A4460260034FB9A /* Project object */;
}
