// !$*UTF8*$!
{
	archiveVersion = 1;
	classes = {
	};
	objectVersion = 46;
	objects = {

/* Begin PBXBuildFile section */
		A51D83371AA91C60003A9256 /* AppDelegate.swift in Sources */ = {isa = PBXBuildFile; fileRef = A51D83361AA91C60003A9256 /* AppDelegate.swift */; };
		A51D83391AA91C60003A9256 /* FirstViewController.swift in Sources */ = {isa = PBXBuildFile; fileRef = A51D83381AA91C60003A9256 /* FirstViewController.swift */; };
		A51D833C1AA91C60003A9256 /* Main.storyboard in Resources */ = {isa = PBXBuildFile; fileRef = A51D833A1AA91C60003A9256 /* Main.storyboard */; };
		A51D833E1AA91C60003A9256 /* Images.xcassets in Resources */ = {isa = PBXBuildFile; fileRef = A51D833D1AA91C60003A9256 /* Images.xcassets */; };
		A51D83411AA91C60003A9256 /* LaunchScreen.xib in Resources */ = {isa = PBXBuildFile; fileRef = A51D833F1AA91C60003A9256 /* LaunchScreen.xib */; };
		A51D834D1AA91C60003A9256 /* CircleMaskDemoTests.swift in Sources */ = {isa = PBXBuildFile; fileRef = A51D834C1AA91C60003A9256 /* CircleMaskDemoTests.swift */; };
		A51D83571AA91C95003A9256 /* SecondViewController.swift in Sources */ = {isa = PBXBuildFile; fileRef = A51D83561AA91C95003A9256 /* SecondViewController.swift */; };
		A51D835C1AA937D7003A9256 /* AKCircleMaskTransitionController.swift in Sources */ = {isa = PBXBuildFile; fileRef = A51D835B1AA937D7003A9256 /* AKCircleMaskTransitionController.swift */; };
		A52423AB1C3ADE5600449DE2 /* DemoButton.swift in Sources */ = {isa = PBXBuildFile; fileRef = A52423AA1C3ADE5600449DE2 /* DemoButton.swift */; };
/* End PBXBuildFile section */

/* Begin PBXContainerItemProxy section */
		A51D83471AA91C60003A9256 /* PBXContainerItemProxy */ = {
			isa = PBXContainerItemProxy;
			containerPortal = A51D83291AA91C60003A9256 /* Project object */;
			proxyType = 1;
			remoteGlobalIDString = A51D83301AA91C60003A9256;
			remoteInfo = CircleMaskDemo;
		};
/* End PBXContainerItemProxy section */

/* Begin PBXFileReference section */
		A51D83311AA91C60003A9256 /* CircleMaskDemo.app */ = {isa = PBXFileReference; explicitFileType = wrapper.application; includeInIndex = 0; path = CircleMaskDemo.app; sourceTree = BUILT_PRODUCTS_DIR; };
		A51D83351AA91C60003A9256 /* Info.plist */ = {isa = PBXFileReference; lastKnownFileType = text.plist.xml; path = Info.plist; sourceTree = "<group>"; };
		A51D83361AA91C60003A9256 /* AppDelegate.swift */ = {isa = PBXFileReference; lastKnownFileType = sourcecode.swift; name = AppDelegate.swift; path = ../AppDelegate.swift; sourceTree = "<group>"; };
		A51D83381AA91C60003A9256 /* FirstViewController.swift */ = {isa = PBXFileReference; lastKnownFileType = sourcecode.swift; name = FirstViewController.swift; path = ViewController/FirstViewController.swift; sourceTree = "<group>"; };
		A51D833B1AA91C60003A9256 /* Base */ = {isa = PBXFileReference; lastKnownFileType = file.storyboard; name = Base; path = Base.lproj/Main.storyboard; sourceTree = "<group>"; };
		A51D833D1AA91C60003A9256 /* Images.xcassets */ = {isa = PBXFileReference; lastKnownFileType = folder.assetcatalog; name = Images.xcassets; path = ../Images.xcassets; sourceTree = "<group>"; };
		A51D83401AA91C60003A9256 /* Base */ = {isa = PBXFileReference; lastKnownFileType = file.xib; name = Base; path = Base.lproj/LaunchScreen.xib; sourceTree = "<group>"; };
		A51D83461AA91C60003A9256 /* CircleMaskDemoTests.xctest */ = {isa = PBXFileReference; explicitFileType = wrapper.cfbundle; includeInIndex = 0; path = CircleMaskDemoTests.xctest; sourceTree = BUILT_PRODUCTS_DIR; };
		A51D834B1AA91C60003A9256 /* Info.plist */ = {isa = PBXFileReference; lastKnownFileType = text.plist.xml; path = Info.plist; sourceTree = "<group>"; };
		A51D834C1AA91C60003A9256 /* CircleMaskDemoTests.swift */ = {isa = PBXFileReference; lastKnownFileType = sourcecode.swift; path = CircleMaskDemoTests.swift; sourceTree = "<group>"; };
		A51D83561AA91C95003A9256 /* SecondViewController.swift */ = {isa = PBXFileReference; fileEncoding = 4; lastKnownFileType = sourcecode.swift; name = SecondViewController.swift; path = ViewController/SecondViewController.swift; sourceTree = "<group>"; };
		A51D835B1AA937D7003A9256 /* AKCircleMaskTransitionController.swift */ = {isa = PBXFileReference; fileEncoding = 4; lastKnownFileType = sourcecode.swift; name = AKCircleMaskTransitionController.swift; path = ../../../AKCircleMaskTransitionController.swift; sourceTree = "<group>"; tabWidth = 5; };
		A52423AA1C3ADE5600449DE2 /* DemoButton.swift */ = {isa = PBXFileReference; fileEncoding = 4; lastKnownFileType = sourcecode.swift; path = DemoButton.swift; sourceTree = "<group>"; };
/* End PBXFileReference section */

/* Begin PBXFrameworksBuildPhase section */
		A51D832E1AA91C60003A9256 /* Frameworks */ = {
			isa = PBXFrameworksBuildPhase;
			buildActionMask = 2147483647;
			files = (
			);
			runOnlyForDeploymentPostprocessing = 0;
		};
		A51D83431AA91C60003A9256 /* Frameworks */ = {
			isa = PBXFrameworksBuildPhase;
			buildActionMask = 2147483647;
			files = (
			);
			runOnlyForDeploymentPostprocessing = 0;
		};
/* End PBXFrameworksBuildPhase section */

/* Begin PBXGroup section */
		A51D83281AA91C60003A9256 = {
			isa = PBXGroup;
			children = (
				A51D83331AA91C60003A9256 /* CircleMaskDemo */,
				A51D83491AA91C60003A9256 /* CircleMaskDemoTests */,
				A51D83321AA91C60003A9256 /* Products */,
			);
			sourceTree = "<group>";
		};
		A51D83321AA91C60003A9256 /* Products */ = {
			isa = PBXGroup;
			children = (
				A51D83311AA91C60003A9256 /* CircleMaskDemo.app */,
				A51D83461AA91C60003A9256 /* CircleMaskDemoTests.xctest */,
			);
			name = Products;
			sourceTree = "<group>";
		};
		A51D83331AA91C60003A9256 /* CircleMaskDemo */ = {
			isa = PBXGroup;
			children = (
				A51D835A1AA93786003A9256 /* AKCircleMaskTransitionController */,
				A51D83381AA91C60003A9256 /* FirstViewController.swift */,
				A51D83561AA91C95003A9256 /* SecondViewController.swift */,
				A52423AA1C3ADE5600449DE2 /* DemoButton.swift */,
				A51D83341AA91C60003A9256 /* Supporting Files */,
			);
			path = CircleMaskDemo;
			sourceTree = "<group>";
		};
		A51D83341AA91C60003A9256 /* Supporting Files */ = {
			isa = PBXGroup;
			children = (
				A51D83361AA91C60003A9256 /* AppDelegate.swift */,
				A51D833A1AA91C60003A9256 /* Main.storyboard */,
				A51D833D1AA91C60003A9256 /* Images.xcassets */,
				A51D833F1AA91C60003A9256 /* LaunchScreen.xib */,
				A51D83351AA91C60003A9256 /* Info.plist */,
			);
			path = "Supporting Files";
			sourceTree = "<group>";
		};
		A51D83491AA91C60003A9256 /* CircleMaskDemoTests */ = {
			isa = PBXGroup;
			children = (
				A51D834C1AA91C60003A9256 /* CircleMaskDemoTests.swift */,
				A51D834A1AA91C60003A9256 /* Supporting Files */,
			);
			path = CircleMaskDemoTests;
			sourceTree = "<group>";
		};
		A51D834A1AA91C60003A9256 /* Supporting Files */ = {
			isa = PBXGroup;
			children = (
				A51D834B1AA91C60003A9256 /* Info.plist */,
			);
			path = "Supporting Files";
			sourceTree = "<group>";
		};
		A51D835A1AA93786003A9256 /* AKCircleMaskTransitionController */ = {
			isa = PBXGroup;
			children = (
				A51D835B1AA937D7003A9256 /* AKCircleMaskTransitionController.swift */,
			);
			name = AKCircleMaskTransitionController;
			path = ViewController;
			sourceTree = "<group>";
		};
/* End PBXGroup section */

/* Begin PBXNativeTarget section */
		A51D83301AA91C60003A9256 /* CircleMaskDemo */ = {
			isa = PBXNativeTarget;
			buildConfigurationList = A51D83501AA91C60003A9256 /* Build configuration list for PBXNativeTarget "CircleMaskDemo" */;
			buildPhases = (
				A51D832D1AA91C60003A9256 /* Sources */,
				A51D832E1AA91C60003A9256 /* Frameworks */,
				A51D832F1AA91C60003A9256 /* Resources */,
			);
			buildRules = (
			);
			dependencies = (
			);
			name = CircleMaskDemo;
			productName = CircleMaskDemo;
			productReference = A51D83311AA91C60003A9256 /* CircleMaskDemo.app */;
			productType = "com.apple.product-type.application";
		};
		A51D83451AA91C60003A9256 /* CircleMaskDemoTests */ = {
			isa = PBXNativeTarget;
			buildConfigurationList = A51D83531AA91C60003A9256 /* Build configuration list for PBXNativeTarget "CircleMaskDemoTests" */;
			buildPhases = (
				A51D83421AA91C60003A9256 /* Sources */,
				A51D83431AA91C60003A9256 /* Frameworks */,
				A51D83441AA91C60003A9256 /* Resources */,
			);
			buildRules = (
			);
			dependencies = (
				A51D83481AA91C60003A9256 /* PBXTargetDependency */,
			);
			name = CircleMaskDemoTests;
			productName = CircleMaskDemoTests;
			productReference = A51D83461AA91C60003A9256 /* CircleMaskDemoTests.xctest */;
			productType = "com.apple.product-type.bundle.unit-test";
		};
/* End PBXNativeTarget section */

/* Begin PBXProject section */
		A51D83291AA91C60003A9256 /* Project object */ = {
			isa = PBXProject;
			attributes = {
				LastSwiftMigration = 0720;
				LastSwiftUpdateCheck = 0720;
				LastUpgradeCheck = 0610;
				ORGANIZATIONNAME = "Douglas Bumby";
				TargetAttributes = {
					A51D83301AA91C60003A9256 = {
						CreatedOnToolsVersion = 6.1.1;
					};
					A51D83451AA91C60003A9256 = {
						CreatedOnToolsVersion = 6.1.1;
						TestTargetID = A51D83301AA91C60003A9256;
					};
				};
			};
			buildConfigurationList = A51D832C1AA91C60003A9256 /* Build configuration list for PBXProject "CircleMaskDemo" */;
			compatibilityVersion = "Xcode 3.2";
			developmentRegion = English;
			hasScannedForEncodings = 0;
			knownRegions = (
				en,
				Base,
			);
			mainGroup = A51D83281AA91C60003A9256;
			productRefGroup = A51D83321AA91C60003A9256 /* Products */;
			projectDirPath = "";
			projectRoot = "";
			targets = (
				A51D83301AA91C60003A9256 /* CircleMaskDemo */,
				A51D83451AA91C60003A9256 /* CircleMaskDemoTests */,
			);
		};
/* End PBXProject section */

/* Begin PBXResourcesBuildPhase section */
		A51D832F1AA91C60003A9256 /* Resources */ = {
			isa = PBXResourcesBuildPhase;
			buildActionMask = 2147483647;
			files = (
				A51D833C1AA91C60003A9256 /* Main.storyboard in Resources */,
				A51D83411AA91C60003A9256 /* LaunchScreen.xib in Resources */,
				A51D833E1AA91C60003A9256 /* Images.xcassets in Resources */,
			);
			runOnlyForDeploymentPostprocessing = 0;
		};
		A51D83441AA91C60003A9256 /* Resources */ = {
			isa = PBXResourcesBuildPhase;
			buildActionMask = 2147483647;
			files = (
			);
			runOnlyForDeploymentPostprocessing = 0;
		};
/* End PBXResourcesBuildPhase section */

/* Begin PBXSourcesBuildPhase section */
		A51D832D1AA91C60003A9256 /* Sources */ = {
			isa = PBXSourcesBuildPhase;
			buildActionMask = 2147483647;
			files = (
				A51D83571AA91C95003A9256 /* SecondViewController.swift in Sources */,
				A51D83391AA91C60003A9256 /* FirstViewController.swift in Sources */,
				A52423AB1C3ADE5600449DE2 /* DemoButton.swift in Sources */,
				A51D835C1AA937D7003A9256 /* AKCircleMaskTransitionController.swift in Sources */,
				A51D83371AA91C60003A9256 /* AppDelegate.swift in Sources */,
			);
			runOnlyForDeploymentPostprocessing = 0;
		};
		A51D83421AA91C60003A9256 /* Sources */ = {
			isa = PBXSourcesBuildPhase;
			buildActionMask = 2147483647;
			files = (
				A51D834D1AA91C60003A9256 /* CircleMaskDemoTests.swift in Sources */,
			);
			runOnlyForDeploymentPostprocessing = 0;
		};
/* End PBXSourcesBuildPhase section */

/* Begin PBXTargetDependency section */
		A51D83481AA91C60003A9256 /* PBXTargetDependency */ = {
			isa = PBXTargetDependency;
			target = A51D83301AA91C60003A9256 /* CircleMaskDemo */;
			targetProxy = A51D83471AA91C60003A9256 /* PBXContainerItemProxy */;
		};
/* End PBXTargetDependency section */

/* Begin PBXVariantGroup section */
		A51D833A1AA91C60003A9256 /* Main.storyboard */ = {
			isa = PBXVariantGroup;
			children = (
				A51D833B1AA91C60003A9256 /* Base */,
			);
			name = Main.storyboard;
			path = ../.;
			sourceTree = "<group>";
		};
		A51D833F1AA91C60003A9256 /* LaunchScreen.xib */ = {
			isa = PBXVariantGroup;
			children = (
				A51D83401AA91C60003A9256 /* Base */,
			);
			name = LaunchScreen.xib;
			path = ../.;
			sourceTree = "<group>";
		};
/* End PBXVariantGroup section */

/* Begin XCBuildConfiguration section */
		A51D834E1AA91C60003A9256 /* Debug */ = {
			isa = XCBuildConfiguration;
			buildSettings = {
				ALWAYS_SEARCH_USER_PATHS = NO;
				CLANG_CXX_LANGUAGE_STANDARD = "gnu++0x";
				CLANG_CXX_LIBRARY = "libc++";
				CLANG_ENABLE_MODULES = YES;
				CLANG_ENABLE_OBJC_ARC = YES;
				CLANG_WARN_BOOL_CONVERSION = YES;
				CLANG_WARN_CONSTANT_CONVERSION = YES;
				CLANG_WARN_DIRECT_OBJC_ISA_USAGE = YES_ERROR;
				CLANG_WARN_EMPTY_BODY = YES;
				CLANG_WARN_ENUM_CONVERSION = YES;
				CLANG_WARN_INT_CONVERSION = YES;
				CLANG_WARN_OBJC_ROOT_CLASS = YES_ERROR;
				CLANG_WARN_UNREACHABLE_CODE = YES;
				CLANG_WARN__DUPLICATE_METHOD_MATCH = YES;
				"CODE_SIGN_IDENTITY[sdk=iphoneos*]" = "iPhone Developer";
				COPY_PHASE_STRIP = NO;
				ENABLE_STRICT_OBJC_MSGSEND = YES;
				GCC_C_LANGUAGE_STANDARD = gnu99;
				GCC_DYNAMIC_NO_PIC = NO;
				GCC_OPTIMIZATION_LEVEL = 0;
				GCC_PREPROCESSOR_DEFINITIONS = (
					"DEBUG=1",
					"$(inherited)",
				);
				GCC_SYMBOLS_PRIVATE_EXTERN = NO;
				GCC_WARN_64_TO_32_BIT_CONVERSION = YES;
				GCC_WARN_ABOUT_RETURN_TYPE = YES_ERROR;
				GCC_WARN_UNDECLARED_SELECTOR = YES;
				GCC_WARN_UNINITIALIZED_AUTOS = YES_AGGRESSIVE;
				GCC_WARN_UNUSED_FUNCTION = YES;
				GCC_WARN_UNUSED_VARIABLE = YES;
				IPHONEOS_DEPLOYMENT_TARGET = 8.1;
				MTL_ENABLE_DEBUG_INFO = YES;
				ONLY_ACTIVE_ARCH = YES;
				SDKROOT = iphoneos;
				SWIFT_OPTIMIZATION_LEVEL = "-Onone";
				TARGETED_DEVICE_FAMILY = "1,2";
			};
			name = Debug;
		};
		A51D834F1AA91C60003A9256 /* Release */ = {
			isa = XCBuildConfiguration;
			buildSettings = {
				ALWAYS_SEARCH_USER_PATHS = NO;
				CLANG_CXX_LANGUAGE_STANDARD = "gnu++0x";
				CLANG_CXX_LIBRARY = "libc++";
				CLANG_ENABLE_MODULES = YES;
				CLANG_ENABLE_OBJC_ARC = YES;
				CLANG_WARN_BOOL_CONVERSION = YES;
				CLANG_WARN_CONSTANT_CONVERSION = YES;
				CLANG_WARN_DIRECT_OBJC_ISA_USAGE = YES_ERROR;
				CLANG_WARN_EMPTY_BODY = YES;
				CLANG_WARN_ENUM_CONVERSION = YES;
				CLANG_WARN_INT_CONVERSION = YES;
				CLANG_WARN_OBJC_ROOT_CLASS = YES_ERROR;
				CLANG_WARN_UNREACHABLE_CODE = YES;
				CLANG_WARN__DUPLICATE_METHOD_MATCH = YES;
				"CODE_SIGN_IDENTITY[sdk=iphoneos*]" = "iPhone Developer";
				COPY_PHASE_STRIP = YES;
				ENABLE_NS_ASSERTIONS = NO;
				ENABLE_STRICT_OBJC_MSGSEND = YES;
				GCC_C_LANGUAGE_STANDARD = gnu99;
				GCC_WARN_64_TO_32_BIT_CONVERSION = YES;
				GCC_WARN_ABOUT_RETURN_TYPE = YES_ERROR;
				GCC_WARN_UNDECLARED_SELECTOR = YES;
				GCC_WARN_UNINITIALIZED_AUTOS = YES_AGGRESSIVE;
				GCC_WARN_UNUSED_FUNCTION = YES;
				GCC_WARN_UNUSED_VARIABLE = YES;
				IPHONEOS_DEPLOYMENT_TARGET = 8.1;
				MTL_ENABLE_DEBUG_INFO = NO;
				SDKROOT = iphoneos;
				TARGETED_DEVICE_FAMILY = "1,2";
				VALIDATE_PRODUCT = YES;
			};
			name = Release;
		};
		A51D83511AA91C60003A9256 /* Debug */ = {
			isa = XCBuildConfiguration;
			buildSettings = {
				ASSETCATALOG_COMPILER_APPICON_NAME = AppIcon;
				INFOPLIST_FILE = "CircleMaskDemo/Supporting Files/Info.plist";
				LD_RUNPATH_SEARCH_PATHS = "$(inherited) @executable_path/Frameworks";
				PRODUCT_NAME = "$(TARGET_NAME)";
			};
			name = Debug;
		};
		A51D83521AA91C60003A9256 /* Release */ = {
			isa = XCBuildConfiguration;
			buildSettings = {
				ASSETCATALOG_COMPILER_APPICON_NAME = AppIcon;
				INFOPLIST_FILE = "CircleMaskDemo/Supporting Files/Info.plist";
				LD_RUNPATH_SEARCH_PATHS = "$(inherited) @executable_path/Frameworks";
				PRODUCT_NAME = "$(TARGET_NAME)";
			};
			name = Release;
		};
		A51D83541AA91C60003A9256 /* Debug */ = {
			isa = XCBuildConfiguration;
			buildSettings = {
				BUNDLE_LOADER = "$(TEST_HOST)";
				FRAMEWORK_SEARCH_PATHS = (
					"$(SDKROOT)/Developer/Library/Frameworks",
					"$(inherited)",
				);
				GCC_PREPROCESSOR_DEFINITIONS = (
					"DEBUG=1",
					"$(inherited)",
				);
				INFOPLIST_FILE = "CircleMaskDemoTests/Supporting Files/Info.plist";
				LD_RUNPATH_SEARCH_PATHS = "$(inherited) @executable_path/Frameworks @loader_path/Frameworks";
				PRODUCT_NAME = "$(TARGET_NAME)";
				TEST_HOST = "$(BUILT_PRODUCTS_DIR)/CircleMaskDemo.app/CircleMaskDemo";
			};
			name = Debug;
		};
		A51D83551AA91C60003A9256 /* Release */ = {
			isa = XCBuildConfiguration;
			buildSettings = {
				BUNDLE_LOADER = "$(TEST_HOST)";
				FRAMEWORK_SEARCH_PATHS = (
					"$(SDKROOT)/Developer/Library/Frameworks",
					"$(inherited)",
				);
				INFOPLIST_FILE = "CircleMaskDemoTests/Supporting Files/Info.plist";
				LD_RUNPATH_SEARCH_PATHS = "$(inherited) @executable_path/Frameworks @loader_path/Frameworks";
				PRODUCT_NAME = "$(TARGET_NAME)";
				TEST_HOST = "$(BUILT_PRODUCTS_DIR)/CircleMaskDemo.app/CircleMaskDemo";
			};
			name = Release;
		};
/* End XCBuildConfiguration section */

/* Begin XCConfigurationList section */
		A51D832C1AA91C60003A9256 /* Build configuration list for PBXProject "CircleMaskDemo" */ = {
			isa = XCConfigurationList;
			buildConfigurations = (
				A51D834E1AA91C60003A9256 /* Debug */,
				A51D834F1AA91C60003A9256 /* Release */,
			);
			defaultConfigurationIsVisible = 0;
			defaultConfigurationName = Release;
		};
		A51D83501AA91C60003A9256 /* Build configuration list for PBXNativeTarget "CircleMaskDemo" */ = {
			isa = XCConfigurationList;
			buildConfigurations = (
				A51D83511AA91C60003A9256 /* Debug */,
				A51D83521AA91C60003A9256 /* Release */,
			);
			defaultConfigurationIsVisible = 0;
			defaultConfigurationName = Release;
		};
		A51D83531AA91C60003A9256 /* Build configuration list for PBXNativeTarget "CircleMaskDemoTests" */ = {
			isa = XCConfigurationList;
			buildConfigurations = (
				A51D83541AA91C60003A9256 /* Debug */,
				A51D83551AA91C60003A9256 /* Release */,
			);
			defaultConfigurationIsVisible = 0;
			defaultConfigurationName = Release;
		};
/* End XCConfigurationList section */
	};
	rootObject = A51D83291AA91C60003A9256 /* Project object */;
}
